
Microsoft Visual Studio Solution File, Format Version 12.00
# Visual Studio Version 16
VisualStudioVersion = 16.0.30114.105
MinimumVisualStudioVersion = 10.0.40219.1
Project("{FAE04EC0-301F-11D3-BF4B-00C04F79EFBC}") = "DIP", "DIP\DIP.csproj", "{6E6A498D-C890-46A4-9A0A-6BDD587D5F84}"
EndProject
Project("{FAE04EC0-301F-11D3-BF4B-00C04F79EFBC}") = "ISP", "ISP\ISP.csproj", "{287F7892-6B35-4F46-8730-883B19106639}"
EndProject
Project("{FAE04EC0-301F-11D3-BF4B-00C04F79EFBC}") = "LSP", "LSP\LSP.csproj", "{D91D5314-27FC-4F91-894D-FF7899D396A6}"
EndProject
Project("{FAE04EC0-301F-11D3-BF4B-00C04F79EFBC}") = "OCP", "OCP\OCP.csproj", "{898503FE-24A4-42DD-8399-F2E17913631B}"
EndProject
Project("{FAE04EC0-301F-11D3-BF4B-00C04F79EFBC}") = "SRP", "SRP\SRP.csproj", "{7646F0FF-73A9-46DB-940A-118A292C5D65}"
EndProject
Global
	GlobalSection(SolutionConfigurationPlatforms) = preSolution
		Debug|Any CPU = Debug|Any CPU
		Debug|x64 = Debug|x64
		Debug|x86 = Debug|x86
		Release|Any CPU = Release|Any CPU
		Release|x64 = Release|x64
		Release|x86 = Release|x86
	EndGlobalSection
	GlobalSection(SolutionProperties) = preSolution
		HideSolutionNode = FALSE
	EndGlobalSection
	GlobalSection(ProjectConfigurationPlatforms) = postSolution
		{6E6A498D-C890-46A4-9A0A-6BDD587D5F84}.Debug|Any CPU.ActiveCfg = Debug|Any CPU
		{6E6A498D-C890-46A4-9A0A-6BDD587D5F84}.Debug|Any CPU.Build.0 = Debug|Any CPU
		{6E6A498D-C890-46A4-9A0A-6BDD587D5F84}.Debug|x64.ActiveCfg = Debug|Any CPU
		{6E6A498D-C890-46A4-9A0A-6BDD587D5F84}.Debug|x64.Build.0 = Debug|Any CPU
		{6E6A498D-C890-46A4-9A0A-6BDD587D5F84}.Debug|x86.ActiveCfg = Debug|Any CPU
		{6E6A498D-C890-46A4-9A0A-6BDD587D5F84}.Debug|x86.Build.0 = Debug|Any CPU
		{6E6A498D-C890-46A4-9A0A-6BDD587D5F84}.Release|Any CPU.ActiveCfg = Release|Any CPU
		{6E6A498D-C890-46A4-9A0A-6BDD587D5F84}.Release|Any CPU.Build.0 = Release|Any CPU
		{6E6A498D-C890-46A4-9A0A-6BDD587D5F84}.Release|x64.ActiveCfg = Release|Any CPU
		{6E6A498D-C890-46A4-9A0A-6BDD587D5F84}.Release|x64.Build.0 = Release|Any CPU
		{6E6A498D-C890-46A4-9A0A-6BDD587D5F84}.Release|x86.ActiveCfg = Release|Any CPU
		{6E6A498D-C890-46A4-9A0A-6BDD587D5F84}.Release|x86.Build.0 = Release|Any CPU
		{287F7892-6B35-4F46-8730-883B19106639}.Debug|Any CPU.ActiveCfg = Debug|Any CPU
		{287F7892-6B35-4F46-8730-883B19106639}.Debug|Any CPU.Build.0 = Debug|Any CPU
		{287F7892-6B35-4F46-8730-883B19106639}.Debug|x64.ActiveCfg = Debug|Any CPU
		{287F7892-6B35-4F46-8730-883B19106639}.Debug|x64.Build.0 = Debug|Any CPU
		{287F7892-6B35-4F46-8730-883B19106639}.Debug|x86.ActiveCfg = Debug|Any CPU
		{287F7892-6B35-4F46-8730-883B19106639}.Debug|x86.Build.0 = Debug|Any CPU
		{287F7892-6B35-4F46-8730-883B19106639}.Release|Any CPU.ActiveCfg = Release|Any CPU
		{287F7892-6B35-4F46-8730-883B19106639}.Release|Any CPU.Build.0 = Release|Any CPU
		{287F7892-6B35-4F46-8730-883B19106639}.Release|x64.ActiveCfg = Release|Any CPU
		{287F7892-6B35-4F46-8730-883B19106639}.Release|x64.Build.0 = Release|Any CPU
		{287F7892-6B35-4F46-8730-883B19106639}.Release|x86.ActiveCfg = Release|Any CPU
		{287F7892-6B35-4F46-8730-883B19106639}.Release|x86.Build.0 = Release|Any CPU
		{D91D5314-27FC-4F91-894D-FF7899D396A6}.Debug|Any CPU.ActiveCfg = Debug|Any CPU
		{D91D5314-27FC-4F91-894D-FF7899D396A6}.Debug|Any CPU.Build.0 = Debug|Any CPU
		{D91D5314-27FC-4F91-894D-FF7899D396A6}.Debug|x64.ActiveCfg = Debug|Any CPU
		{D91D5314-27FC-4F91-894D-FF7899D396A6}.Debug|x64.Build.0 = Debug|Any CPU
		{D91D5314-27FC-4F91-894D-FF7899D396A6}.Debug|x86.ActiveCfg = Debug|Any CPU
		{D91D5314-27FC-4F91-894D-FF7899D396A6}.Debug|x86.Build.0 = Debug|Any CPU
		{D91D5314-27FC-4F91-894D-FF7899D396A6}.Release|Any CPU.ActiveCfg = Release|Any CPU
		{D91D5314-27FC-4F91-894D-FF7899D396A6}.Release|Any CPU.Build.0 = Release|Any CPU
		{D91D5314-27FC-4F91-894D-FF7899D396A6}.Release|x64.ActiveCfg = Release|Any CPU
		{D91D5314-27FC-4F91-894D-FF7899D396A6}.Release|x64.Build.0 = Release|Any CPU
		{D91D5314-27FC-4F91-894D-FF7899D396A6}.Release|x86.ActiveCfg = Release|Any CPU
		{D91D5314-27FC-4F91-894D-FF7899D396A6}.Release|x86.Build.0 = Release|Any CPU
		{898503FE-24A4-42DD-8399-F2E17913631B}.Debug|Any CPU.ActiveCfg = Debug|Any CPU
		{898503FE-24A4-42DD-8399-F2E17913631B}.Debug|Any CPU.Build.0 = Debug|Any CPU
		{898503FE-24A4-42DD-8399-F2E17913631B}.Debug|x64.ActiveCfg = Debug|Any CPU
		{898503FE-24A4-42DD-8399-F2E17913631B}.Debug|x64.Build.0 = Debug|Any CPU
		{898503FE-24A4-42DD-8399-F2E17913631B}.Debug|x86.ActiveCfg = Debug|Any CPU
		{898503FE-24A4-42DD-8399-F2E17913631B}.Debug|x86.Build.0 = Debug|Any CPU
		{898503FE-24A4-42DD-8399-F2E17913631B}.Release|Any CPU.ActiveCfg = Release|Any CPU
		{898503FE-24A4-42DD-8399-F2E17913631B}.Release|Any CPU.Build.0 = Release|Any CPU
		{898503FE-24A4-42DD-8399-F2E17913631B}.Release|x64.ActiveCfg = Release|Any CPU
		{898503FE-24A4-42DD-8399-F2E17913631B}.Release|x64.Build.0 = Release|Any CPU
		{898503FE-24A4-42DD-8399-F2E17913631B}.Release|x86.ActiveCfg = Release|Any CPU
		{898503FE-24A4-42DD-8399-F2E17913631B}.Release|x86.Build.0 = Release|Any CPU
		{7646F0FF-73A9-46DB-940A-118A292C5D65}.Debug|Any CPU.ActiveCfg = Debug|Any CPU
		{7646F0FF-73A9-46DB-940A-118A292C5D65}.Debug|Any CPU.Build.0 = Debug|Any CPU
		{7646F0FF-73A9-46DB-940A-118A292C5D65}.Debug|x64.ActiveCfg = Debug|Any CPU
		{7646F0FF-73A9-46DB-940A-118A292C5D65}.Debug|x64.Build.0 = Debug|Any CPU
		{7646F0FF-73A9-46DB-940A-118A292C5D65}.Debug|x86.ActiveCfg = Debug|Any CPU
		{7646F0FF-73A9-46DB-940A-118A292C5D65}.Debug|x86.Build.0 = Debug|Any CPU
		{7646F0FF-73A9-46DB-940A-118A292C5D65}.Release|Any CPU.ActiveCfg = Release|Any CPU
		{7646F0FF-73A9-46DB-940A-118A292C5D65}.Release|Any CPU.Build.0 = Release|Any CPU
		{7646F0FF-73A9-46DB-940A-118A292C5D65}.Release|x64.ActiveCfg = Release|Any CPU
		{7646F0FF-73A9-46DB-940A-118A292C5D65}.Release|x64.Build.0 = Release|Any CPU
		{7646F0FF-73A9-46DB-940A-118A292C5D65}.Release|x86.ActiveCfg = Release|Any CPU
		{7646F0FF-73A9-46DB-940A-118A292C5D65}.Release|x86.Build.0 = Release|Any CPU
	EndGlobalSection
EndGlobal
